
Microsoft Visual Studio Solution File, Format Version 12.00
# Visual Studio Version 16
VisualStudioVersion = 16.0.30503.244
MinimumVisualStudioVersion = 10.0.40219.1
Project("{FAE04EC0-301F-11D3-BF4B-00C04F79EFBC}") = "Assignment3", "Assignment3.csproj", "{66EA3D35-38BD-4940-B799-D63D131A282F}"
EndProject
Global
	GlobalSection(SolutionConfigurationPlatforms) = preSolution
		Debug|Any CPU = Debug|Any CPU
		Release|Any CPU = Release|Any CPU
	EndGlobalSection
	GlobalSection(ProjectConfigurationPlatforms) = postSolution
		{66EA3D35-38BD-4940-B799-D63D131A282F}.Debug|Any CPU.ActiveCfg = Debug|Any CPU
		{66EA3D35-38BD-4940-B799-D63D131A282F}.Debug|Any CPU.Build.0 = Debug|Any CPU
		{66EA3D35-38BD-4940-B799-D63D131A282F}.Release|Any CPU.ActiveCfg = Release|Any CPU
		{66EA3D35-38BD-4940-B799-D63D131A282F}.Release|Any CPU.Build.0 = Release|Any CPU
	EndGlobalSection
	GlobalSection(SolutionProperties) = preSolution
		HideSolutionNode = FALSE
	EndGlobalSection
	GlobalSection(ExtensibilityGlobals) = postSolution
		SolutionGuid = {B7141945-3DEE-4757-95A8-3141C79D5DDB}
	EndGlobalSection
EndGlobal
